speakeasyVersion: 1.761.1
sources:
    Cloudinary-Provisioning-OAS:
        sourceNamespace: cloudinary-provisioning
        sourceRevisionDigest: sha256:e2fd5f6aa6b9fa1e5db8e0b8730ab4ba03eab339533987917f9fcd1b17b98d27
        sourceBlobDigest: sha256:ab6edeae93ec2d1ec61d5a5e88231cc8c57e93b249c107c193b82f7f750f8808
        tags:
            - latest
            - 0.2.1
targets:
    cloudinary:
        source: Cloudinary-Provisioning-OAS
        sourceNamespace: cloudinary-provisioning
        sourceRevisionDigest: sha256:e2fd5f6aa6b9fa1e5db8e0b8730ab4ba03eab339533987917f9fcd1b17b98d27
        sourceBlobDigest: sha256:ab6edeae93ec2d1ec61d5a5e88231cc8c57e93b249c107c193b82f7f750f8808
        codeSamplesNamespace: cloudinary-provisioning-python-code-samples
        codeSamplesRevisionDigest: sha256:02e688ff9ff6047addf90dcc259dbc1fc484a1498922867379eaa7d852b0171a
workflow:
    workflowVersion: 1.0.0
    speakeasyVersion: latest
    sources:
        Cloudinary-Provisioning-OAS:
            inputs:
                - location: https://cloudinary.github.io/api-schemas/provisioning/schema.yml
            overlays:
                - location: .speakeasy/speakeasy-modifications-overlay.yaml
                - location: https://cloudinary.github.io/api-schemas/overlays/security-scheme-account-overlay.yaml
                - location: https://cloudinary.github.io/api-schemas/permissions/overlays/additional-properties-overlay.yaml
            registry:
                location: registry.speakeasyapi.dev/cloudinary/cloudinary/cloudinary-provisioning
    targets:
        cloudinary:
            target: python
            source: Cloudinary-Provisioning-OAS
            publish:
                pypi:
                    token: $pypi_token
            codeSamples:
                registry:
                    location: registry.speakeasyapi.dev/cloudinary/cloudinary/cloudinary-provisioning-python-code-samples
                blocking: true
